{
  "nodes": {
    "nixpkgs": {
      "locked": {
        "lastModified": 1711668574,
        "narHash": "sha256-u1dfs0ASQIEr1icTVrsKwg2xToIpn7ZXxW3RHfHxshg=",
        "owner": "NixOS",
        "repo": "nixpkgs",
        "rev": "219951b495fc2eac67b1456824cc1ec1fd2ee659",
        "type": "github"
      },
      "original": {
        "owner": "NixOS",
        "ref": "nixos-23.11",
        "repo": "nixpkgs",
        "type": "github"
      }
    },
    "pin-emscripten_3-1-15": {
      "locked": {
        "lastModified": 1658083977,
        "narHash": "sha256-yqLXI+viN5+Vx5YpG9gNapKL3/+P6Pkprc36xNdyqSU=",
        "owner": "NixOS",
        "repo": "nixpkgs",
        "rev": "34bfa9403e42eece93d1a3740e9d8a02fceafbca",
        "type": "github"
      },
      "original": {
        "owner": "NixOS",
        "repo": "nixpkgs",
        "rev": "34bfa9403e42eece93d1a3740e9d8a02fceafbca",
        "type": "github"
      }
    },
    "root": {
      "inputs": {
        "nixpkgs": "nixpkgs",
        "pin-emscripten_3-1-15": "pin-emscripten_3-1-15"
      }
    }
  },
  "root": "root",
  "version": 7
}
