{
  "nodes": {
    "fenix": {
      "inputs": {
        "nixpkgs": [
          "lxcat-core",
          "nixpkgs"
        ],
        "rust-analyzer-src": "rust-analyzer-src"
      },
      "locked": {
        "lastModified": 1730010749,
        "narHash": "sha256-UBckyKItSD0z50+3YQOqfOuyvUI7UjPHiLbOPFUolqo=",
        "owner": "nix-community",
        "repo": "fenix",
        "rev": "5fa09829e74070c1e83b2aaa50b71bbc6da3f37c",
        "type": "github"
      },
      "original": {
        "owner": "nix-community",
        "repo": "fenix",
        "type": "github"
      }
    },
    "lxcat-core": {
      "inputs": {
        "fenix": "fenix",
        "naersk": "naersk",
        "nixpkgs": [
          "nixpkgs"
        ]
      },
      "locked": {
        "lastModified": 1734525180,
        "narHash": "sha256-I1tmgOYKAFnH22IcI/3guJTeCDWics4xBJhWGhdMQWQ=",
        "ref": "refs/heads/main",
        "rev": "ff0f047ad92c99f0915cdecc4c5a5c0e1dea3423",
        "revCount": 80,
        "type": "git",
        "url": "ssh://git@github.com/daanboer/lxcat-rs.git"
      },
      "original": {
        "type": "git",
        "url": "ssh://git@github.com/daanboer/lxcat-rs.git"
      }
    },
    "naersk": {
      "inputs": {
        "nixpkgs": [
          "lxcat-core",
          "nixpkgs"
        ]
      },
      "locked": {
        "lastModified": 1733346208,
        "narHash": "sha256-a4WZp1xQkrnA4BbnKrzJNr+dYoQr5Xneh2syJoddFyE=",
        "owner": "nix-community",
        "repo": "naersk",
        "rev": "378614f37a6bee5a3f2ef4f825a73d948d3ae921",
        "type": "github"
      },
      "original": {
        "owner": "nix-community",
        "repo": "naersk",
        "type": "github"
      }
    },
    "nixpkgs": {
      "locked": {
        "lastModified": 1734323986,
        "narHash": "sha256-m/lh6hYMIWDYHCAsn81CDAiXoT3gmxXI9J987W5tZrE=",
        "owner": "NixOS",
        "repo": "nixpkgs",
        "rev": "394571358ce82dff7411395829aa6a3aad45b907",
        "type": "github"
      },
      "original": {
        "owner": "NixOS",
        "ref": "nixos-24.11",
        "repo": "nixpkgs",
        "type": "github"
      }
    },
    "pin-emscripten_3-1-15": {
      "locked": {
        "lastModified": 1658083977,
        "narHash": "sha256-yqLXI+viN5+Vx5YpG9gNapKL3/+P6Pkprc36xNdyqSU=",
        "owner": "NixOS",
        "repo": "nixpkgs",
        "rev": "34bfa9403e42eece93d1a3740e9d8a02fceafbca",
        "type": "github"
      },
      "original": {
        "owner": "NixOS",
        "repo": "nixpkgs",
        "rev": "34bfa9403e42eece93d1a3740e9d8a02fceafbca",
        "type": "github"
      }
    },
    "root": {
      "inputs": {
        "lxcat-core": "lxcat-core",
        "nixpkgs": "nixpkgs",
        "pin-emscripten_3-1-15": "pin-emscripten_3-1-15"
      }
    },
    "rust-analyzer-src": {
      "flake": false,
      "locked": {
        "lastModified": 1729923686,
        "narHash": "sha256-Tc+5E/UmjpXlYGQQ6X2nGDv6J6VQgZ+pVOJLcNCIVQc=",
        "owner": "rust-lang",
        "repo": "rust-analyzer",
        "rev": "26d2fbaef2d68a2fccf55d725915188c2634439a",
        "type": "github"
      },
      "original": {
        "owner": "rust-lang",
        "ref": "nightly",
        "repo": "rust-analyzer",
        "type": "github"
      }
    }
  },
  "root": "root",
  "version": 7
}
